
Microsoft Visual Studio Solution File, Format Version 12.00
# Visual Studio Version 17
VisualStudioVersion = 17.3.32901.215
MinimumVisualStudioVersion = 10.0.40219.1
Project("{FAE04EC0-301F-11D3-BF4B-00C04F79EFBC}") = "MathTest", "MathTest\MathTest.csproj", "{215F2713-03BE-4AB3-A4D6-0FB7F2B66CB8}"
EndProject
Project("{FAE04EC0-301F-11D3-BF4B-00C04F79EFBC}") = "BasicMathTest", "BasicMathTest\BasicMathTest.csproj", "{E4F6026D-9F48-4764-A8F0-66EA3C2211DE}"
EndProject
Global
	GlobalSection(SolutionConfigurationPlatforms) = preSolution
		Debug|Any CPU = Debug|Any CPU
		Release|Any CPU = Release|Any CPU
	EndGlobalSection
	GlobalSection(ProjectConfigurationPlatforms) = postSolution
		{215F2713-03BE-4AB3-A4D6-0FB7F2B66CB8}.Debug|Any CPU.ActiveCfg = Debug|Any CPU
		{215F2713-03BE-4AB3-A4D6-0FB7F2B66CB8}.Debug|Any CPU.Build.0 = Debug|Any CPU
		{215F2713-03BE-4AB3-A4D6-0FB7F2B66CB8}.Release|Any CPU.ActiveCfg = Release|Any CPU
		{215F2713-03BE-4AB3-A4D6-0FB7F2B66CB8}.Release|Any CPU.Build.0 = Release|Any CPU
		{E4F6026D-9F48-4764-A8F0-66EA3C2211DE}.Debug|Any CPU.ActiveCfg = Debug|Any CPU
		{E4F6026D-9F48-4764-A8F0-66EA3C2211DE}.Debug|Any CPU.Build.0 = Debug|Any CPU
		{E4F6026D-9F48-4764-A8F0-66EA3C2211DE}.Release|Any CPU.ActiveCfg = Release|Any CPU
		{E4F6026D-9F48-4764-A8F0-66EA3C2211DE}.Release|Any CPU.Build.0 = Release|Any CPU
	EndGlobalSection
	GlobalSection(SolutionProperties) = preSolution
		HideSolutionNode = FALSE
	EndGlobalSection
	GlobalSection(ExtensibilityGlobals) = postSolution
		SolutionGuid = {253FD289-1084-4D1D-BC49-86173578C0BE}
	EndGlobalSection
EndGlobal
